github.com/gobwas/glob v0.2.3 h1:A4xDbljILXROh+kObIiy5kIaPYD8e96x1tgBhUI5J+Y=
github.com/gobwas/glob v0.2.3/go.mod h1:d3Ez4x06l9bZtSvzIay5+Yzi0fmZzPgnTbPcKjJAkT8=
github.com/gobwas/glob v1.0.0 h1:p+FKbLEIsK1yZ39/OINwFvqNb5oyPY4H8xcy6uYu8dg=
github.com/gobwas/glob v1.0.0/go.mod h1:oWCdo522i2P1n/hMXGNWs7yoV4wy/ciZuUIbvKj5rkc=
github.com/spf13/pflag v1.0.10 h1:4EBh2KAYBwaONj6b2Ye1GiHfwjqyROoF4RwYO+vPwFk=
github.com/spf13/pflag v1.0.10/go.mod h1:McXfInJRrz4CZXVZOBLb0bTZqETkiAhM9Iw0y3An2Bg=
