github.com/MichaelTJones/walk v0.0.0-20161122175330-4748e29d5718 h1:FSsoaa1q4jAaeiAUxf9H0PgFP7eA/UL6c3PdJH+nMN4=
github.com/MichaelTJones/walk v0.0.0-20161122175330-4748e29d5718/go.mod h1:VVwKsx9Dc8rNG55BWqogoJzGubjKnRoXdUvpGbWqeCc=
github.com/bmatcuk/doublestar/v4 v4.0.1 h1:v5DFrvGpNnIKPlG7gcF4TlceHwBTvHdmjgDEkbDk9t8=
github.com/bmatcuk/doublestar/v4 v4.0.1/go.mod h1:xBQ8jztBU6kakFMg+8WGxn0c6z1fTSPVIjEY1Wr7jzc=
github.com/go-godo/godo v2.0.9+incompatible h1:EQoSV2rmx7SNQmQzjgn4ylf6QGhtFFrggtSzvwUjOXA=
github.com/go-godo/godo v2.0.9+incompatible/go.mod h1:6y5KSBP9+xkdEVJ/TG+XITf4EcKYRyGx/UbAJ5HupAs=
github.com/mgutz/str v1.2.0 h1:4IzWSdIz9qPQWLfKZ0rJcV0jcUDpxvP4JVZ4GXQyvSw=
github.com/mgutz/str v1.2.0/go.mod h1:w1v0ofgLaJdoD0HpQ3fycxKD1WtxpjSo151pK/31q6w=
github.com/spf13/pflag v1.0.5 h1:iy+VFUOCP1a+8yFto/drg2CJ5u0yRoB7fZw3DKv/JXA=
github.com/spf13/pflag v1.0.5/go.mod h1:McXfInJRrz4CZXVZOBLb0bTZqETkiAhM9Iw0y3An2Bg=
